<?xml version="1.0" encoding="UTF-8" standalone="yes" ?>
<CodeBlocks_project_file>
	<FileVersion major="1" minor="6" />
	<Project>
		<Option title="TextViewer" />
		<Option pch_mode="2" />
		<Option compiler="gcc" />
		<Build>
			<Target title="Debug">
				<Option output="bin/Debug/TextViewer" prefix_auto="1" extension_auto="1" />
				<Option object_output="obj/Debug/" />
				<Option type="1" />
				<Option compiler="gcc" />
				<Option parameters="t.txt " />
				<Compiler>
					<Add option="-g" />
				</Compiler>
			</Target>
			<Target title="Release">
				<Option output="bin/Release/TextViewer" prefix_auto="1" extension_auto="1" />
				<Option object_output="obj/Release/" />
				<Option type="0" />
				<Option compiler="gcc" />
				<Compiler>
					<Add option="-O2" />
				</Compiler>
				<Linker>
					<Add option="-s" />
				</Linker>
			</Target>
		</Build>
		<Compiler>
			<Add option="-Wall" />
		</Compiler>
		<Linker>
			<Add library="gdi32" />
			<Add library="user32" />
			<Add library="kernel32" />
			<Add library="comctl32" />
			<Add library="../../../../../Program Files (x86)/CodeBlocks/MinGW/lib/libcomdlg32.a" />
		</Linker>
		<Unit filename="booleanType.h" />
		<Unit filename="fileProxy.c">
			<Option compilerVar="CC" />
		</Unit>
		<Unit filename="fileProxy.h" />
		<Unit filename="font.c">
			<Option compilerVar="CC" />
		</Unit>
		<Unit filename="font.h">
			<Option target="Debug" />
		</Unit>
		<Unit filename="horTextScrollProxy.c">
			<Option compilerVar="CC" />
			<Option target="Debug" />
		</Unit>
		<Unit filename="horTextScrollProxy.h">
			<Option target="Debug" />
		</Unit>
		<Unit filename="main.c">
			<Option compilerVar="CC" />
		</Unit>
		<Unit filename="myMenu.h">
			<Option target="Debug" />
		</Unit>
		<Unit filename="myMenu.rc">
			<Option compilerVar="WINDRES" />
		</Unit>
		<Unit filename="myMenuOpen.h">
			<Option target="Debug" />
		</Unit>
		<Unit filename="scroll.h" />
		<Unit filename="text.c">
			<Option compilerVar="CC" />
			<Option target="Debug" />
		</Unit>
		<Unit filename="text.h">
			<Option target="Debug" />
		</Unit>
		<Unit filename="textViewerMode.h">
			<Option target="Debug" />
		</Unit>
		<Unit filename="textualWndObject.c">
			<Option compilerVar="CC" />
			<Option target="Debug" />
		</Unit>
		<Unit filename="textualWndObject.h">
			<Option target="Debug" />
		</Unit>
		<Unit filename="vertTextScrollProxy.c">
			<Option compilerVar="CC" />
		</Unit>
		<Unit filename="vertTextScrollProxy.h" />
		<Unit filename="wndExtraInfo.c">
			<Option compilerVar="CC" />
		</Unit>
		<Unit filename="wndExtraInfo.h" />
		<Unit filename="wrappedText.c">
			<Option compilerVar="CC" />
			<Option target="Debug" />
		</Unit>
		<Unit filename="wrappedText.h">
			<Option target="Debug" />
		</Unit>
		<Extensions>
			<code_completion />
			<envvars />
			<debugger />
			<lib_finder disable_auto="1" />
		</Extensions>
	</Project>
</CodeBlocks_project_file>
